{
  "name": "codacy-duplication-jscpd",
  "lockfileVersion": 3,
  "requires": true,
  "packages": {
    "": {
      "name": "codacy-duplication-jscpd",
      "license": "Apache-2.0",
      "dependencies": {
        "jscpd": "^5.0.4"
      }
    },
    "node_modules/cpd-darwin-arm64": {
      "version": "5.0.4",
      "resolved": "https://registry.npmjs.org/cpd-darwin-arm64/-/cpd-darwin-arm64-5.0.4.tgz",
      "integrity": "sha512-oqD0RVirv3QRuMjM1XdKfZR+b6qFWqR/J6Jia1wsiV+XJYLjeRLPvWwjhdPQzIY/lRMqDETWZ+8U5h7LXX5C/Q==",
      "cpu": [
        "arm64"
      ],
      "license": "MIT",
      "optional": true,
      "os": [
        "darwin"
      ]
    },
    "node_modules/cpd-darwin-x64": {
      "version": "5.0.4",
      "resolved": "https://registry.npmjs.org/cpd-darwin-x64/-/cpd-darwin-x64-5.0.4.tgz",
      "integrity": "sha512-I3wD3TrwK5vzqTO2ej+/t9Jugg6mGEx8jwIsqZXamxQoRW55UNI91wlrsThcp3mMp7ZLSsSnrFm6jcx3BPHafw==",
      "cpu": [
        "x64"
      ],
      "license": "MIT",
      "optional": true,
      "os": [
        "darwin"
      ]
    },
    "node_modules/cpd-linux-arm64-gnu": {
      "version": "5.0.4",
      "resolved": "https://registry.npmjs.org/cpd-linux-arm64-gnu/-/cpd-linux-arm64-gnu-5.0.4.tgz",
      "integrity": "sha512-KvRHvlx12cGYTHNe1bTFdk4l6ILtdfwPr0hCJuFB7Q340o7UlWA2GX4SxW/1hE9Ts1id1W0iKGKkkp5LP5Aagg==",
      "cpu": [
        "arm64"
      ],
      "license": "MIT",
      "optional": true,
      "os": [
        "linux"
      ]
    },
    "node_modules/cpd-linux-x64-gnu": {
      "version": "5.0.4",
      "resolved": "https://registry.npmjs.org/cpd-linux-x64-gnu/-/cpd-linux-x64-gnu-5.0.4.tgz",
      "integrity": "sha512-vF4OI+1BZDomxKN3rVu9NuhX5gj0F7NWtofN6A2ApGOtyM0CmhOTYcitqF9jExiXkknr6uETBs4avEopOfcHPQ==",
      "cpu": [
        "x64"
      ],
      "license": "MIT",
      "optional": true,
      "os": [
        "linux"
      ]
    },
    "node_modules/cpd-linux-x64-musl": {
      "version": "5.0.4",
      "resolved": "https://registry.npmjs.org/cpd-linux-x64-musl/-/cpd-linux-x64-musl-5.0.4.tgz",
      "integrity": "sha512-dooVyen2ThTyNtpSIndo6SH/BDTM2Wazz6leJON244bZJ8JgCp8Suc54nK0RlWpHOZjYSqZu2k9bHFlBWrrAlg==",
      "cpu": [
        "x64"
      ],
      "license": "MIT",
      "optional": true,
      "os": [
        "linux"
      ]
    },
    "node_modules/cpd-windows-x64-msvc": {
      "version": "5.0.4",
      "resolved": "https://registry.npmjs.org/cpd-windows-x64-msvc/-/cpd-windows-x64-msvc-5.0.4.tgz",
      "integrity": "sha512-J3k4x4MHjgtsr2vLWpuK3imi6tLlFU9UADrgoS0BFzQI8BJpXtXen7Q7IMuYcAnvGR7I+Rf//5bGFIfQ+2PqhA==",
      "cpu": [
        "x64"
      ],
      "license": "MIT",
      "optional": true,
      "os": [
        "win32"
      ]
    },
    "node_modules/jscpd": {
      "version": "5.0.4",
      "resolved": "https://registry.npmjs.org/jscpd/-/jscpd-5.0.4.tgz",
      "integrity": "sha512-I1skFSqn6gpLeA62konLjtfJgZZcam3scIXHAXM+/1VRpBHXauWF/x2VOgeGbizR7vrxA8qSxsHfNwbBOAHedw==",
      "license": "MIT",
      "bin": {
        "jscpd": "run-jscpd.js"
      },
      "engines": {
        "node": ">=18"
      },
      "optionalDependencies": {
        "cpd-darwin-arm64": "5.0.4",
        "cpd-darwin-x64": "5.0.4",
        "cpd-linux-arm64-gnu": "5.0.4",
        "cpd-linux-x64-gnu": "5.0.4",
        "cpd-linux-x64-musl": "5.0.4",
        "cpd-windows-x64-msvc": "5.0.4"
      }
    }
  }
}
