{
  "name": "codacy-duplication-jscpd",
  "lockfileVersion": 3,
  "requires": true,
  "packages": {
    "": {
      "name": "codacy-duplication-jscpd",
      "license": "Apache-2.0",
      "dependencies": {
        "jscpd": "^5.0.14"
      }
    },
    "node_modules/jscpd": {
      "version": "5.0.14",
      "resolved": "https://registry.npmjs.org/jscpd/-/jscpd-5.0.14.tgz",
      "integrity": "sha512-zge+FPZZAymt2Do5Z0+QHyIn4/XcUhrO/W7of9HcHZfx2AK8++dYhLA1uWtwXj47ml3Of8PbcUW4wUWvYMCc3w==",
      "license": "MIT",
      "bin": {
        "jscpd": "run-jscpd.js"
      },
      "engines": {
        "node": ">=18"
      },
      "optionalDependencies": {
        "jscpd-darwin-arm64": "5.0.14",
        "jscpd-darwin-x64": "5.0.14",
        "jscpd-linux-arm64-gnu": "5.0.14",
        "jscpd-linux-x64-gnu": "5.0.14",
        "jscpd-linux-x64-musl": "5.0.14",
        "jscpd-windows-x64-msvc": "5.0.14"
      }
    },
    "node_modules/jscpd-darwin-arm64": {
      "version": "5.0.14",
      "resolved": "https://registry.npmjs.org/jscpd-darwin-arm64/-/jscpd-darwin-arm64-5.0.14.tgz",
      "integrity": "sha512-Ojjl79SBuj9tEW6WbjZ1a/1ZOR89dneH9yLQYQu8WyWaQownttnx7RYFEHU6aGhS4jIvwUEbr+1wxzFTb37cwg==",
      "cpu": [
        "arm64"
      ],
      "license": "MIT",
      "optional": true,
      "os": [
        "darwin"
      ]
    },
    "node_modules/jscpd-darwin-x64": {
      "version": "5.0.14",
      "resolved": "https://registry.npmjs.org/jscpd-darwin-x64/-/jscpd-darwin-x64-5.0.14.tgz",
      "integrity": "sha512-DxFg5XvjMZ81iVeqillnM5apqcGCfNTbroNF+mPLr7RkHLGH6mudLgtO+ILL/hfpZXy1bF9oIY5BSudPmN/k9A==",
      "cpu": [
        "x64"
      ],
      "license": "MIT",
      "optional": true,
      "os": [
        "darwin"
      ]
    },
    "node_modules/jscpd-linux-arm64-gnu": {
      "version": "5.0.14",
      "resolved": "https://registry.npmjs.org/jscpd-linux-arm64-gnu/-/jscpd-linux-arm64-gnu-5.0.14.tgz",
      "integrity": "sha512-1uw+XBHEt9pONXNICSp5HpaVWPjG6mQ6deDXaq9Yb0xCNJkX4/8gmn0vhzekIyZD2DspRYKPUolbDsqm/HEdYg==",
      "cpu": [
        "arm64"
      ],
      "license": "MIT",
      "optional": true,
      "os": [
        "linux"
      ]
    },
    "node_modules/jscpd-linux-x64-gnu": {
      "version": "5.0.14",
      "resolved": "https://registry.npmjs.org/jscpd-linux-x64-gnu/-/jscpd-linux-x64-gnu-5.0.14.tgz",
      "integrity": "sha512-dFTbyyrm+Z9pcXIVzJQCw8QAgiNqIiO69sm4AfA7/wFdPoizoVzjhaXsYXcSV4bs0aoPiWbNazg0J0HgslT/5A==",
      "cpu": [
        "x64"
      ],
      "license": "MIT",
      "optional": true,
      "os": [
        "linux"
      ]
    },
    "node_modules/jscpd-linux-x64-musl": {
      "version": "5.0.14",
      "resolved": "https://registry.npmjs.org/jscpd-linux-x64-musl/-/jscpd-linux-x64-musl-5.0.14.tgz",
      "integrity": "sha512-SayS7qQJvixyy9eR0+UjepkTsUUwqvlsiuSxfIdHgG2qzqoh/thnkgiu4By8fsiiDpQONsQrRrZDwHRQ3GDrBQ==",
      "cpu": [
        "x64"
      ],
      "license": "MIT",
      "optional": true,
      "os": [
        "linux"
      ]
    },
    "node_modules/jscpd-windows-x64-msvc": {
      "version": "5.0.14",
      "resolved": "https://registry.npmjs.org/jscpd-windows-x64-msvc/-/jscpd-windows-x64-msvc-5.0.14.tgz",
      "integrity": "sha512-DqjxlVkUanlahGgY2lY7Zkrau4BUTI+AwWky+bPGK4kSK2AIOaUziY9Q19u8b58idXmJA9FKK98Fuu4ajNXVjQ==",
      "cpu": [
        "x64"
      ],
      "license": "MIT",
      "optional": true,
      "os": [
        "win32"
      ]
    }
  }
}
