{
  "name": "codacy-duplication-jscpd",
  "lockfileVersion": 3,
  "requires": true,
  "packages": {
    "": {
      "name": "codacy-duplication-jscpd",
      "license": "Apache-2.0",
      "dependencies": {
        "jscpd": "^5.0.5"
      }
    },
    "node_modules/cpd-darwin-arm64": {
      "version": "5.0.5",
      "resolved": "https://registry.npmjs.org/cpd-darwin-arm64/-/cpd-darwin-arm64-5.0.5.tgz",
      "integrity": "sha512-Ebbdu8Pzqbpsf2r+tHcY1S5tx23iSYwUrpYb8eYqh6kFlPlPciHpd6rJNA2KrmsABmgiZt/NDcyIzpXhxElaKw==",
      "cpu": [
        "arm64"
      ],
      "license": "MIT",
      "optional": true,
      "os": [
        "darwin"
      ]
    },
    "node_modules/cpd-darwin-x64": {
      "version": "5.0.5",
      "resolved": "https://registry.npmjs.org/cpd-darwin-x64/-/cpd-darwin-x64-5.0.5.tgz",
      "integrity": "sha512-7hZ8Rjr06933B/i1A7MSc5KpK47Lj5V7zxKMzd4iSMGchQLZtov9zJnaNOldHGmbkNM40O4cL/r7iJpWtlMxqg==",
      "cpu": [
        "x64"
      ],
      "license": "MIT",
      "optional": true,
      "os": [
        "darwin"
      ]
    },
    "node_modules/cpd-linux-arm64-gnu": {
      "version": "5.0.5",
      "resolved": "https://registry.npmjs.org/cpd-linux-arm64-gnu/-/cpd-linux-arm64-gnu-5.0.5.tgz",
      "integrity": "sha512-2w8enNvAZTYq+qT5zn+a8GT0hcUjLa460xl75XWggM4Y/I9f+/hbpP/o7iA4BRxa/bVK7q//KtKSasIidHRDag==",
      "cpu": [
        "arm64"
      ],
      "libc": [
        "glibc"
      ],
      "license": "MIT",
      "optional": true,
      "os": [
        "linux"
      ]
    },
    "node_modules/cpd-linux-x64-gnu": {
      "version": "5.0.5",
      "resolved": "https://registry.npmjs.org/cpd-linux-x64-gnu/-/cpd-linux-x64-gnu-5.0.5.tgz",
      "integrity": "sha512-m3V4s0FvrmFHCexqsjr1YpNr1/x0HKRMxg301SJcDkAm2CHYmpv0hz4JP5i6FnwJLzpJvpCRaESyMJFJzr6atw==",
      "cpu": [
        "x64"
      ],
      "libc": [
        "glibc"
      ],
      "license": "MIT",
      "optional": true,
      "os": [
        "linux"
      ]
    },
    "node_modules/cpd-linux-x64-musl": {
      "version": "5.0.5",
      "resolved": "https://registry.npmjs.org/cpd-linux-x64-musl/-/cpd-linux-x64-musl-5.0.5.tgz",
      "integrity": "sha512-8Qvk7otkGNpkc8I0+ti8/KzXqU+0WLNg5Lhxl7FzauG5fDo4dAgsZmjUoSc/nQNvQE7pw5i0Ai7AtQ/QNh+xYw==",
      "cpu": [
        "x64"
      ],
      "libc": [
        "musl"
      ],
      "license": "MIT",
      "optional": true,
      "os": [
        "linux"
      ]
    },
    "node_modules/cpd-windows-x64-msvc": {
      "version": "5.0.5",
      "resolved": "https://registry.npmjs.org/cpd-windows-x64-msvc/-/cpd-windows-x64-msvc-5.0.5.tgz",
      "integrity": "sha512-dwu4CjxNXilMFXVKpPeBSeDApjqAYMj4Y5j3gNADuN5eNIhy/8wPEsF3gexOVdesExBVJR4q8irF3hnseJWJvg==",
      "cpu": [
        "x64"
      ],
      "license": "MIT",
      "optional": true,
      "os": [
        "win32"
      ]
    },
    "node_modules/jscpd": {
      "version": "5.0.5",
      "resolved": "https://registry.npmjs.org/jscpd/-/jscpd-5.0.5.tgz",
      "integrity": "sha512-efwUuW4Uubf+uQ8z7c3rphFoO4Y1Uo4qtfEcqX945dwyuyaUKYmnFzLoNvW0T3y/0QSzn7iNvQxeqxHT4KMcrw==",
      "license": "MIT",
      "bin": {
        "cpd": "run-jscpd.js",
        "jscpd": "run-jscpd.js"
      },
      "engines": {
        "node": ">=18"
      },
      "optionalDependencies": {
        "cpd-darwin-arm64": "5.0.5",
        "cpd-darwin-x64": "5.0.5",
        "cpd-linux-arm64-gnu": "5.0.5",
        "cpd-linux-x64-gnu": "5.0.5",
        "cpd-linux-x64-musl": "5.0.5",
        "cpd-windows-x64-msvc": "5.0.5"
      }
    }
  }
}
